
Microsoft Visual Studio Solution File, Format Version 12.00
# Visual Studio Version 17
VisualStudioVersion = 17.6.33829.357
MinimumVisualStudioVersion = 10.0.40219.1
Project("{FAE04EC0-301F-11D3-BF4B-00C04F79EFBC}") = "Database", "DC_Assignment1\Database.csproj", "{28E84F81-0F84-4797-B991-583D26BB1E5E}"
EndProject
Project("{FAE04EC0-301F-11D3-BF4B-00C04F79EFBC}") = "Server", "Server\Server.csproj", "{61796AC9-C679-4386-8698-FBF1D2AF54AB}"
EndProject
Project("{FAE04EC0-301F-11D3-BF4B-00C04F79EFBC}") = "Client", "Client\Client.csproj", "{0835ECF3-4006-44C8-951C-83A422A79D34}"
EndProject
Global
	GlobalSection(SolutionConfigurationPlatforms) = preSolution
		Debug|Any CPU = Debug|Any CPU
		Release|Any CPU = Release|Any CPU
	EndGlobalSection
	GlobalSection(ProjectConfigurationPlatforms) = postSolution
		{28E84F81-0F84-4797-B991-583D26BB1E5E}.Debug|Any CPU.ActiveCfg = Debug|Any CPU
		{28E84F81-0F84-4797-B991-583D26BB1E5E}.Debug|Any CPU.Build.0 = Debug|Any CPU
		{28E84F81-0F84-4797-B991-583D26BB1E5E}.Release|Any CPU.ActiveCfg = Release|Any CPU
		{28E84F81-0F84-4797-B991-583D26BB1E5E}.Release|Any CPU.Build.0 = Release|Any CPU
		{61796AC9-C679-4386-8698-FBF1D2AF54AB}.Debug|Any CPU.ActiveCfg = Debug|Any CPU
		{61796AC9-C679-4386-8698-FBF1D2AF54AB}.Debug|Any CPU.Build.0 = Debug|Any CPU
		{61796AC9-C679-4386-8698-FBF1D2AF54AB}.Release|Any CPU.ActiveCfg = Release|Any CPU
		{61796AC9-C679-4386-8698-FBF1D2AF54AB}.Release|Any CPU.Build.0 = Release|Any CPU
		{0835ECF3-4006-44C8-951C-83A422A79D34}.Debug|Any CPU.ActiveCfg = Debug|Any CPU
		{0835ECF3-4006-44C8-951C-83A422A79D34}.Debug|Any CPU.Build.0 = Debug|Any CPU
		{0835ECF3-4006-44C8-951C-83A422A79D34}.Release|Any CPU.ActiveCfg = Release|Any CPU
		{0835ECF3-4006-44C8-951C-83A422A79D34}.Release|Any CPU.Build.0 = Release|Any CPU
	EndGlobalSection
	GlobalSection(SolutionProperties) = preSolution
		HideSolutionNode = FALSE
	EndGlobalSection
	GlobalSection(ExtensibilityGlobals) = postSolution
		SolutionGuid = {EBF0E63F-A265-45A7-BE5C-A777B95B19CC}
	EndGlobalSection
EndGlobal
